
Microsoft Visual Studio Solution File, Format Version 12.00
# Visual Studio Version 16
VisualStudioVersion = 16.0.29215.179
MinimumVisualStudioVersion = 10.0.40219.1
Project("{FAE04EC0-301F-11D3-BF4B-00C04F79EFBC}") = "git-test", "git-test.csproj", "{50FA96C1-B196-4FAD-BCB6-909007A0D196}"
EndProject
Global
	GlobalSection(SolutionConfigurationPlatforms) = preSolution
		Debug|Any CPU = Debug|Any CPU
		Release|Any CPU = Release|Any CPU
	EndGlobalSection
	GlobalSection(ProjectConfigurationPlatforms) = postSolution
		{50FA96C1-B196-4FAD-BCB6-909007A0D196}.Debug|Any CPU.ActiveCfg = Debug|Any CPU
		{50FA96C1-B196-4FAD-BCB6-909007A0D196}.Debug|Any CPU.Build.0 = Debug|Any CPU
		{50FA96C1-B196-4FAD-BCB6-909007A0D196}.Release|Any CPU.ActiveCfg = Release|Any CPU
		{50FA96C1-B196-4FAD-BCB6-909007A0D196}.Release|Any CPU.Build.0 = Release|Any CPU
	EndGlobalSection
	GlobalSection(SolutionProperties) = preSolution
		HideSolutionNode = FALSE
	EndGlobalSection
	GlobalSection(ExtensibilityGlobals) = postSolution
		SolutionGuid = {D2F87873-8FC5-4975-9396-A33B6EA8DD9F}
	EndGlobalSection
EndGlobal
